
Microsoft Visual Studio Solution File, Format Version 12.00
# Visual Studio Version 17
VisualStudioVersion = 17.14.36511.14
MinimumVisualStudioVersion = 10.0.40219.1
Project("{8BC9CEB8-8B4A-11D0-8D11-00A0C91BC942}") = "Dx12SampleBase", "Dx12SampleBase\Dx12SampleBase.vcxproj", "{D0E4168A-E149-4D18-B896-86C511218693}"
EndProject
Project("{8BC9CEB8-8B4A-11D0-8D11-00A0C91BC942}") = "Dx12HelloWorld", "Dx12HelloWorld\Dx12HelloWorld.vcxproj", "{732EB071-082D-4B14-94B9-03E66EF09E66}"
EndProject
Project("{8BC9CEB8-8B4A-11D0-8D11-00A0C91BC942}") = "Dx12Tessellation", "Dx12Tessellation\Dx12Tessellation.vcxproj", "{E69F0444-2F36-4709-93E4-8B6316525A7E}"
EndProject
Global
	GlobalSection(SolutionConfigurationPlatforms) = preSolution
		Debug|x64 = Debug|x64
		Debug|x86 = Debug|x86
		Release|x64 = Release|x64
		Release|x86 = Release|x86
	EndGlobalSection
	GlobalSection(ProjectConfigurationPlatforms) = postSolution
		{D0E4168A-E149-4D18-B896-86C511218693}.Debug|x64.ActiveCfg = Debug|x64
		{D0E4168A-E149-4D18-B896-86C511218693}.Debug|x64.Build.0 = Debug|x64
		{D0E4168A-E149-4D18-B896-86C511218693}.Debug|x86.ActiveCfg = Debug|Win32
		{D0E4168A-E149-4D18-B896-86C511218693}.Debug|x86.Build.0 = Debug|Win32
		{D0E4168A-E149-4D18-B896-86C511218693}.Release|x64.ActiveCfg = Release|x64
		{D0E4168A-E149-4D18-B896-86C511218693}.Release|x64.Build.0 = Release|x64
		{D0E4168A-E149-4D18-B896-86C511218693}.Release|x86.ActiveCfg = Release|Win32
		{D0E4168A-E149-4D18-B896-86C511218693}.Release|x86.Build.0 = Release|Win32
		{732EB071-082D-4B14-94B9-03E66EF09E66}.Debug|x64.ActiveCfg = Debug|x64
		{732EB071-082D-4B14-94B9-03E66EF09E66}.Debug|x64.Build.0 = Debug|x64
		{732EB071-082D-4B14-94B9-03E66EF09E66}.Debug|x86.ActiveCfg = Debug|Win32
		{732EB071-082D-4B14-94B9-03E66EF09E66}.Debug|x86.Build.0 = Debug|Win32
		{732EB071-082D-4B14-94B9-03E66EF09E66}.Release|x64.ActiveCfg = Release|x64
		{732EB071-082D-4B14-94B9-03E66EF09E66}.Release|x64.Build.0 = Release|x64
		{732EB071-082D-4B14-94B9-03E66EF09E66}.Release|x86.ActiveCfg = Release|Win32
		{732EB071-082D-4B14-94B9-03E66EF09E66}.Release|x86.Build.0 = Release|Win32
		{E69F0444-2F36-4709-93E4-8B6316525A7E}.Debug|x64.ActiveCfg = Debug|x64
		{E69F0444-2F36-4709-93E4-8B6316525A7E}.Debug|x64.Build.0 = Debug|x64
		{E69F0444-2F36-4709-93E4-8B6316525A7E}.Debug|x86.ActiveCfg = Debug|Win32
		{E69F0444-2F36-4709-93E4-8B6316525A7E}.Debug|x86.Build.0 = Debug|Win32
		{E69F0444-2F36-4709-93E4-8B6316525A7E}.Release|x64.ActiveCfg = Release|x64
		{E69F0444-2F36-4709-93E4-8B6316525A7E}.Release|x64.Build.0 = Release|x64
		{E69F0444-2F36-4709-93E4-8B6316525A7E}.Release|x86.ActiveCfg = Release|Win32
		{E69F0444-2F36-4709-93E4-8B6316525A7E}.Release|x86.Build.0 = Release|Win32
	EndGlobalSection
	GlobalSection(SolutionProperties) = preSolution
		HideSolutionNode = FALSE
	EndGlobalSection
	GlobalSection(ExtensibilityGlobals) = postSolution
		SolutionGuid = {EB0D59A7-5212-4286-BF94-90180AC1CDDE}
	EndGlobalSection
EndGlobal
