<?xml version="1.0" encoding="utf-8"?>
<Project ToolsVersion="4.0" xmlns="http://schemas.microsoft.com/developer/msbuild/2003">
  <ItemGroup>
    <Filter Include="Source Files">
      <UniqueIdentifier>{4FC737F1-C7A5-4376-A066-2A32D752A2FF}</UniqueIdentifier>
      <Extensions>cpp;c;cc;cxx;c++;cppm;ixx;def;odl;idl;hpj;bat;asm;asmx</Extensions>
    </Filter>
    <Filter Include="Header Files">
      <UniqueIdentifier>{93995380-89BD-4b04-88EB-625FBE52EBFB}</UniqueIdentifier>
      <Extensions>h;hh;hpp;hxx;h++;hm;inl;inc;ipp;xsd</Extensions>
    </Filter>
    <Filter Include="Resource Files">
      <UniqueIdentifier>{67DA6AB6-F800-4c08-8B7A-83BB121AAD01}</UniqueIdentifier>
      <Extensions>rc;ico;cur;bmp;dlg;rc2;rct;bin;rgs;gif;jpg;jpeg;jpe;resx;tiff;tif;png;wav;mfcribbon-ms</Extensions>
    </Filter>
    <Filter Include="Shaders">
      <UniqueIdentifier>{fb0f644a-9310-4cb1-8db5-f13812ad4791}</UniqueIdentifier>
    </Filter>
  </ItemGroup>
  <ItemGroup>
    <ClInclude Include="framework.h">
      <Filter>Header Files</Filter>
    </ClInclude>
    <ClInclude Include="pch.h">
      <Filter>Header Files</Filter>
    </ClInclude>
    <ClInclude Include="Dx12SampleBase.h">
      <Filter>Header Files</Filter>
    </ClInclude>
    <ClInclude Include="DxCamera.h">
      <Filter>Header Files</Filter>
    </ClInclude>
    <ClInclude Include="DxPrintUtils.h">
      <Filter>Header Files</Filter>
    </ClInclude>
    <ClInclude Include="dxtypes.h">
      <Filter>Header Files</Filter>
    </ClInclude>
    <ClInclude Include="ExampleEntryPoint.h">
      <Filter>Header Files</Filter>
    </ClInclude>
    <ClInclude Include="FileReader.h">
      <Filter>Header Files</Filter>
    </ClInclude>
    <ClInclude Include="gltfutils.h">
      <Filter>Header Files</Filter>
    </ClInclude>
    <ClInclude Include="WICImageLoader.h">
      <Filter>Header Files</Filter>
    </ClInclude>
  </ItemGroup>
  <ItemGroup>
    <ClCompile Include="Dx12SampleBase.cpp">
      <Filter>Source Files</Filter>
    </ClCompile>
    <ClCompile Include="pch.cpp">
      <Filter>Source Files</Filter>
    </ClCompile>
    <ClCompile Include="DxCamera.cpp">
      <Filter>Source Files</Filter>
    </ClCompile>
    <ClCompile Include="DxPrintUtils.cpp">
      <Filter>Source Files</Filter>
    </ClCompile>
    <ClCompile Include="FileReader.cpp">
      <Filter>Source Files</Filter>
    </ClCompile>
    <ClCompile Include="gltfutils.cpp">
      <Filter>Source Files</Filter>
    </ClCompile>
    <ClCompile Include="tinygltf.cpp">
      <Filter>Source Files</Filter>
    </ClCompile>
    <ClCompile Include="WICImageLoader.cpp">
      <Filter>Source Files</Filter>
    </ClCompile>
  </ItemGroup>
  <ItemGroup>
    <None Include="packages.config" />
    <None Include="..\Shaders\CameraBuffer.hlsli">
      <Filter>Shaders</Filter>
    </None>
    <None Include="..\Shaders\SimpleVSPSInterface.hlsli">
      <Filter>Shaders</Filter>
    </None>
  </ItemGroup>
  <ItemGroup>
    <CustomBuild Include="..\Shaders\FrameSimple.hlsl">
      <Filter>Shaders</Filter>
    </CustomBuild>
    <CustomBuild Include="..\Shaders\Simple1.hlsl">
      <Filter>Shaders</Filter>
    </CustomBuild>
    <CustomBuild Include="..\Shaders\Simple5.hlsl">
      <Filter>Shaders</Filter>
    </CustomBuild>
  </ItemGroup>
</Project>