<?xml version="1.0" encoding="utf-8"?>
<Project ToolsVersion="4.0" xmlns="http://schemas.microsoft.com/developer/msbuild/2003">
  <ItemGroup>
    <Filter Include="Source Files">
      <UniqueIdentifier>{4FC737F1-C7A5-4376-A066-2A32D752A2FF}</UniqueIdentifier>
      <Extensions>cpp;c;cc;cxx;c++;cppm;ixx;def;odl;idl;hpj;bat;asm;asmx</Extensions>
    </Filter>
    <Filter Include="Header Files">
      <UniqueIdentifier>{93995380-89BD-4b04-88EB-625FBE52EBFB}</UniqueIdentifier>
      <Extensions>h;hh;hpp;hxx;h++;hm;inl;inc;ipp;xsd</Extensions>
    </Filter>
    <Filter Include="Resource Files">
      <UniqueIdentifier>{67DA6AB6-F800-4c08-8B7A-83BB121AAD01}</UniqueIdentifier>
      <Extensions>rc;ico;cur;bmp;dlg;rc2;rct;bin;rgs;gif;jpg;jpeg;jpe;resx;tiff;tif;png;wav;mfcribbon-ms</Extensions>
    </Filter>
    <Filter Include="Assets">
      <UniqueIdentifier>{9ac6f72e-ce90-4a20-85ea-f125e419be6e}</UniqueIdentifier>
    </Filter>
    <Filter Include="Assets\Shaders">
      <UniqueIdentifier>{59ba8499-f6c1-4e9d-814f-45b5206727f0}</UniqueIdentifier>
    </Filter>
    <Filter Include="Assets\Shaders\FrameComposition">
      <UniqueIdentifier>{5f49bb5b-7a88-426b-9a75-858ea112bfa5}</UniqueIdentifier>
    </Filter>
    <Filter Include="Assets\Shaders\Rendering">
      <UniqueIdentifier>{bc9aaf03-2c5f-46a0-805e-ab4189c7b2fa}</UniqueIdentifier>
    </Filter>
    <Filter Include="Assets\Shaders\Includes">
      <UniqueIdentifier>{8a54daf0-aa7f-44da-ac98-15bdfc413261}</UniqueIdentifier>
    </Filter>
  </ItemGroup>
  <ItemGroup>
    <ClInclude Include="Win32Application.h">
      <Filter>Header Files</Filter>
    </ClInclude>
    <ClInclude Include="stdafx.h">
      <Filter>Header Files</Filter>
    </ClInclude>
    <ClInclude Include="Dx12SampleBase.h">
      <Filter>Header Files</Filter>
    </ClInclude>
    <ClInclude Include="Dx12HelloWorld.h">
      <Filter>Header Files</Filter>
    </ClInclude>
    <ClInclude Include="FileReader.h">
      <Filter>Header Files</Filter>
    </ClInclude>
    <ClInclude Include="DxPrintUtils.h">
      <Filter>Header Files</Filter>
    </ClInclude>
    <ClInclude Include="DxGltfUtils.h">
      <Filter>Header Files</Filter>
    </ClInclude>
    <ClInclude Include="WICImageLoader.h">
      <Filter>Header Files</Filter>
    </ClInclude>
    <ClInclude Include="DxCamera.h">
      <Filter>Header Files</Filter>
    </ClInclude>
    <ClInclude Include="dxtypes.h">
      <Filter>Header Files</Filter>
    </ClInclude>
  </ItemGroup>
  <ItemGroup>
    <ClCompile Include="base.cpp">
      <Filter>Source Files</Filter>
    </ClCompile>
    <ClCompile Include="Win32Application.cpp">
      <Filter>Source Files</Filter>
    </ClCompile>
    <ClCompile Include="Dx12SampleBase.cpp">
      <Filter>Source Files</Filter>
    </ClCompile>
    <ClCompile Include="Dx12HelloWorld.cpp">
      <Filter>Source Files</Filter>
    </ClCompile>
    <ClCompile Include="FileReader.cpp">
      <Filter>Source Files</Filter>
    </ClCompile>
    <ClCompile Include="tinygltf.cpp">
      <Filter>Source Files</Filter>
    </ClCompile>
    <ClCompile Include="DxPrintUtils.cpp">
      <Filter>Source Files</Filter>
    </ClCompile>
    <ClCompile Include="DxGltfUtils.cpp">
      <Filter>Source Files</Filter>
    </ClCompile>
    <ClCompile Include="WICImageLoader.cpp">
      <Filter>Source Files</Filter>
    </ClCompile>
    <ClCompile Include="DxCamera.cpp">
      <Filter>Source Files</Filter>
    </ClCompile>
  </ItemGroup>
  <ItemGroup>
    <None Include="..\Shaders\CompileShaders.bat">
      <Filter>Assets\Shaders</Filter>
    </None>
    <None Include="packages.config">
      <Filter>Resource Files</Filter>
    </None>
    <None Include="..\Shaders\SimpleVSPSInterface.hlsli">
      <Filter>Assets\Shaders\Includes</Filter>
    </None>
    <None Include="..\Shaders\CameraBuffer.hlsli" />
  </ItemGroup>
  <ItemGroup>
    <Resource Include="..\Shaders\Hello.hlsl">
      <Filter>Assets\Shaders</Filter>
    </Resource>
    <Resource Include="..\Shaders\FrameSimple.hlsl">
      <Filter>Assets\Shaders\FrameComposition</Filter>
    </Resource>
    <Resource Include="..\Shaders\Simple1.hlsl">
      <Filter>Assets\Shaders\Rendering</Filter>
    </Resource>
    <Resource Include="..\Shaders\Simple5.hlsl">
      <Filter>Assets\Shaders\Rendering</Filter>
    </Resource>
  </ItemGroup>
</Project>